<?xml version="1.0" encoding="utf-8"?>
<Project ToolsVersion="4.0" xmlns="http://schemas.microsoft.com/developer/msbuild/2003">
  <ItemGroup>
    <Filter Include="Source Files">
      <UniqueIdentifier>{4FC737F1-C7A5-4376-A066-2A32D752A2FF}</UniqueIdentifier>
      <Extensions>cpp;c;cc;cxx;c++;cppm;ixx;def;odl;idl;hpj;bat;asm;asmx</Extensions>
    </Filter>
    <Filter Include="Header Files">
      <UniqueIdentifier>{93995380-89BD-4b04-88EB-625FBE52EBFB}</UniqueIdentifier>
      <Extensions>h;hh;hpp;hxx;h++;hm;inl;inc;ipp;xsd</Extensions>
    </Filter>
    <Filter Include="Resource Files">
      <UniqueIdentifier>{67DA6AB6-F800-4c08-8B7A-83BB121AAD01}</UniqueIdentifier>
      <Extensions>rc;ico;cur;bmp;dlg;rc2;rct;bin;rgs;gif;jpg;jpeg;jpe;resx;tiff;tif;png;wav;mfcribbon-ms</Extensions>
    </Filter>
    <Filter Include="Header Files\Math">
      <UniqueIdentifier>{d4ae030f-86cd-4e71-b280-23ae3c14907e}</UniqueIdentifier>
    </Filter>
    <Filter Include="Source Files\Math">
      <UniqueIdentifier>{bb69d62c-8843-4031-9291-f44dab2a2b41}</UniqueIdentifier>
    </Filter>
    <Filter Include="Header Files\Miscellanous">
      <UniqueIdentifier>{758d9815-dd52-4d26-ad17-c07274bd847b}</UniqueIdentifier>
    </Filter>
    <Filter Include="Source Files\Systems">
      <UniqueIdentifier>{573340c8-c33e-4477-ba9e-212b92108b3f}</UniqueIdentifier>
    </Filter>
    <Filter Include="Source Files\Systems\Graphics">
      <UniqueIdentifier>{54ebbb9e-4d84-43db-9cbc-4f6986a9ebf8}</UniqueIdentifier>
    </Filter>
    <Filter Include="Source Files\Systems\Physics">
      <UniqueIdentifier>{0d56c313-ee07-47eb-87e4-e91776b0f3cd}</UniqueIdentifier>
    </Filter>
    <Filter Include="Header Files\Debug">
      <UniqueIdentifier>{84e06ede-bc7a-419e-824d-b2f595a1bc0b}</UniqueIdentifier>
    </Filter>
    <Filter Include="Header Files\Components">
      <UniqueIdentifier>{e1625127-aa44-4823-814a-df592b53533b}</UniqueIdentifier>
    </Filter>
    <Filter Include="Header Files\Systems">
      <UniqueIdentifier>{577ec41a-d9b0-407d-8a38-0c78cafbfe02}</UniqueIdentifier>
    </Filter>
    <Filter Include="Header Files\Systems\Graphics">
      <UniqueIdentifier>{abbe2c25-aaf6-4e90-90a3-2254bfe58634}</UniqueIdentifier>
    </Filter>
    <Filter Include="Header Files\Systems\Physics">
      <UniqueIdentifier>{a8568f62-e759-4909-b21c-f3340d531fd3}</UniqueIdentifier>
    </Filter>
    <Filter Include="Source Files\Miscellanous">
      <UniqueIdentifier>{29294102-023f-41c7-9dcb-a46a6de68236}</UniqueIdentifier>
    </Filter>
    <Filter Include="Source Files\External Libraries">
      <UniqueIdentifier>{ea581d77-e83b-4ae1-a83f-05ffc1ab96ee}</UniqueIdentifier>
    </Filter>
    <Filter Include="Source Files\External Libraries\jsoncpp">
      <UniqueIdentifier>{64c09b18-3074-4cb5-8fb7-4c23ee46f102}</UniqueIdentifier>
    </Filter>
    <Filter Include="Source Files\Systems\Audio">
      <UniqueIdentifier>{5eef89bb-77d9-44c4-ab45-58f833d42c7b}</UniqueIdentifier>
    </Filter>
    <Filter Include="Header Files\Systems\Audio">
      <UniqueIdentifier>{61e5a38c-1bde-4ed9-a6c9-0e185aa6548e}</UniqueIdentifier>
    </Filter>
  </ItemGroup>
  <ItemGroup>
    <ClCompile Include="src\main.cpp">
      <Filter>Source Files</Filter>
    </ClCompile>
    <ClCompile Include="src\Mat3.cpp">
      <Filter>Source Files\Math</Filter>
    </ClCompile>
    <ClCompile Include="src\Vec2.cpp">
      <Filter>Source Files\Math</Filter>
    </ClCompile>
    <ClCompile Include="src\Collision.cpp">
      <Filter>Source Files\Systems\Physics</Filter>
    </ClCompile>
    <ClCompile Include="src\input.cpp">
      <Filter>Source Files\Miscellanous</Filter>
    </ClCompile>
    <ClCompile Include="src\Assets Manager\file_reader.cpp">
      <Filter>Source Files\Miscellanous</Filter>
    </ClCompile>
    <ClCompile Include="src\graphic_gl\glapp.cpp">
      <Filter>Source Files\Systems\Graphics</Filter>
    </ClCompile>
    <ClCompile Include="src\graphic_gl\glslshader.cpp">
      <Filter>Source Files\Systems\Graphics</Filter>
    </ClCompile>
    <ClCompile Include="src\Assets Manager\text_serialization.cpp">
      <Filter>Source Files\Miscellanous</Filter>
    </ClCompile>
    <ClCompile Include="src\Core_Engine.cpp">
      <Filter>Source Files</Filter>
    </ClCompile>
    <ClCompile Include="src\Line.cpp">
      <Filter>Source Files\Math</Filter>
    </ClCompile>
    <ClCompile Include="src\Factory.cpp">
      <Filter>Source Files</Filter>
    </ClCompile>
    <ClCompile Include="src\Texture.cpp">
      <Filter>Source Files</Filter>
    </ClCompile>
    <ClCompile Include="src\Object.cpp">
      <Filter>Source Files</Filter>
    </ClCompile>
    <ClCompile Include="src\PhysicsSystem.cpp">
      <Filter>Source Files\Systems\Physics</Filter>
    </ClCompile>
    <ClCompile Include="..\lib\jsoncpp\jsoncpp.cpp">
      <Filter>Source Files\External Libraries\jsoncpp</Filter>
    </ClCompile>
    <ClCompile Include="src\graphic_gl\GLWindow.cpp">
      <Filter>Source Files\Systems</Filter>
    </ClCompile>
    <ClCompile Include="src\Factory.cpp">
      <Filter>Source Files\Systems</Filter>
    </ClCompile>
    <ClCompile Include="src\GameLogic.cpp">
      <Filter>Source Files\Systems</Filter>
    </ClCompile>
    <ClCompile Include="src\Audio.cpp">
      <Filter>Source Files\Systems\Audio</Filter>
    </ClCompile>
  </ItemGroup>
  <ItemGroup>
    <ClInclude Include="include\AABB.h">
      <Filter>Header Files\Math</Filter>
    </ClInclude>
    <ClInclude Include="include\Circle.h">
      <Filter>Header Files\Math</Filter>
    </ClInclude>
    <ClInclude Include="include\Mat3.h">
      <Filter>Header Files\Math</Filter>
    </ClInclude>
    <ClInclude Include="include\Vec2.h">
      <Filter>Header Files\Math</Filter>
    </ClInclude>
    <ClInclude Include="include\Line.h">
      <Filter>Header Files\Math</Filter>
    </ClInclude>
    <ClInclude Include="include\Collision.h">
      <Filter>Header Files\Systems\Physics</Filter>
    </ClInclude>
    <ClInclude Include="include\Graphic_gl\glapp.h">
      <Filter>Header Files\Systems\Graphics</Filter>
    </ClInclude>
    <ClInclude Include="include\Graphic_gl\glslshader.h">
      <Filter>Header Files\Systems\Graphics</Filter>
    </ClInclude>
    <ClInclude Include="include\input.h">
      <Filter>Header Files\Miscellanous</Filter>
    </ClInclude>
    <ClInclude Include="src\Assets Manager\file_reader.h">
      <Filter>Header Files\Miscellanous</Filter>
    </ClInclude>
    <ClInclude Include="src\Assets Manager\serialization.h">
      <Filter>Header Files\Miscellanous</Filter>
    </ClInclude>
    <ClInclude Include="src\Assets Manager\text_serialization.h">
      <Filter>Header Files\Miscellanous</Filter>
    </ClInclude>
    <ClInclude Include="include\Core_Engine.h">
      <Filter>Header Files</Filter>
    </ClInclude>
    <ClInclude Include="include\engine.h">
      <Filter>Header Files</Filter>
    </ClInclude>
    <ClInclude Include="include\message.h">
      <Filter>Header Files</Filter>
    </ClInclude>
    <ClInclude Include="include\Debug.h">
      <Filter>Header Files\Debug</Filter>
    </ClInclude>
    <ClInclude Include="include\ComponentCreator.h">
      <Filter>Header Files</Filter>
    </ClInclude>
    <ClInclude Include="include\Object.h">
      <Filter>Header Files</Filter>
    </ClInclude>
    <ClInclude Include="include\Component.h">
      <Filter>Header Files\Components</Filter>
    </ClInclude>
    <ClInclude Include="include\components\Body.h">
      <Filter>Header Files\Components</Filter>
    </ClInclude>
    <ClInclude Include="include\components\Texture.h">
      <Filter>Header Files\Components</Filter>
    </ClInclude>
    <ClInclude Include="include\components\Transform.h">
      <Filter>Header Files\Components</Filter>
    </ClInclude>
    <ClInclude Include="include\Interface_System.h">
      <Filter>Header Files\Systems</Filter>
    </ClInclude>
    <ClInclude Include="include\PhysicsSystem.h">
      <Filter>Header Files\Systems\Physics</Filter>
    </ClInclude>
    <ClInclude Include="include\components\Physics.h">
      <Filter>Header Files\Components</Filter>
    </ClInclude>
    <ClInclude Include="include\Factory.h">
      <Filter>Header Files\Systems</Filter>
    </ClInclude>
    <ClInclude Include="include\Graphic_gl\GLWindow.h">
      <Filter>Header Files\Systems</Filter>
    </ClInclude>
    <ClInclude Include="include\Audio.h">
      <Filter>Header Files\Systems\Audio</Filter>
    </ClInclude>
    <ClInclude Include="include\GameLogic.h">
      <Filter>Header Files\Systems</Filter>
    </ClInclude>
  </ItemGroup>
</Project>